
Microsoft Visual Studio Solution File, Format Version 12.00
# Visual Studio Version 16
VisualStudioVersion = 16.0.30517.126
MinimumVisualStudioVersion = 10.0.40219.1
Project("{FAE04EC0-301F-11D3-BF4B-00C04F79EFBC}") = "Pizza", "Pizza.csproj", "{1EA9C3C3-CC2F-476B-8E7D-2D9B1ED855B6}"
EndProject
Project("{FAE04EC0-301F-11D3-BF4B-00C04F79EFBC}") = "DAL", "DAL\DAL.csproj", "{F4B8BF29-2194-487D-9C79-33EF0C5BB9B4}"
EndProject
Project("{FAE04EC0-301F-11D3-BF4B-00C04F79EFBC}") = "BLL", "BLL\BLL.csproj", "{9910F89D-CE7E-4724-B2C5-FDDF399E4308}"
EndProject
Global
	GlobalSection(SolutionConfigurationPlatforms) = preSolution
		Debug|Any CPU = Debug|Any CPU
		Release|Any CPU = Release|Any CPU
	EndGlobalSection
	GlobalSection(ProjectConfigurationPlatforms) = postSolution
		{1EA9C3C3-CC2F-476B-8E7D-2D9B1ED855B6}.Debug|Any CPU.ActiveCfg = Debug|Any CPU
		{1EA9C3C3-CC2F-476B-8E7D-2D9B1ED855B6}.Debug|Any CPU.Build.0 = Debug|Any CPU
		{1EA9C3C3-CC2F-476B-8E7D-2D9B1ED855B6}.Release|Any CPU.ActiveCfg = Release|Any CPU
		{1EA9C3C3-CC2F-476B-8E7D-2D9B1ED855B6}.Release|Any CPU.Build.0 = Release|Any CPU
		{F4B8BF29-2194-487D-9C79-33EF0C5BB9B4}.Debug|Any CPU.ActiveCfg = Debug|Any CPU
		{F4B8BF29-2194-487D-9C79-33EF0C5BB9B4}.Debug|Any CPU.Build.0 = Debug|Any CPU
		{F4B8BF29-2194-487D-9C79-33EF0C5BB9B4}.Release|Any CPU.ActiveCfg = Release|Any CPU
		{F4B8BF29-2194-487D-9C79-33EF0C5BB9B4}.Release|Any CPU.Build.0 = Release|Any CPU
		{9910F89D-CE7E-4724-B2C5-FDDF399E4308}.Debug|Any CPU.ActiveCfg = Debug|Any CPU
		{9910F89D-CE7E-4724-B2C5-FDDF399E4308}.Debug|Any CPU.Build.0 = Debug|Any CPU
		{9910F89D-CE7E-4724-B2C5-FDDF399E4308}.Release|Any CPU.ActiveCfg = Release|Any CPU
		{9910F89D-CE7E-4724-B2C5-FDDF399E4308}.Release|Any CPU.Build.0 = Release|Any CPU
	EndGlobalSection
	GlobalSection(SolutionProperties) = preSolution
		HideSolutionNode = FALSE
	EndGlobalSection
	GlobalSection(ExtensibilityGlobals) = postSolution
		SolutionGuid = {B9CD35FB-7901-4794-A9E0-6CDEB92A725F}
	EndGlobalSection
EndGlobal
